
Microsoft Visual Studio Solution File, Format Version 12.00
# Visual Studio Version 16
VisualStudioVersion = 16.0.29418.71
MinimumVisualStudioVersion = 10.0.40219.1
Project("{9A19103F-16F7-4668-BE54-9A1E7A4F7556}") = "ReflectionDemo", "ReflectionDemo\ReflectionDemo.csproj", "{3FE544C5-50CD-4CA0-8EF8-234115710A4A}"
EndProject
Project("{FAE04EC0-301F-11D3-BF4B-00C04F79EFBC}") = "ReflectionLib", "ReflectionLib\ReflectionLib.csproj", "{B1881121-C426-4280-B966-4DA721DB22DB}"
EndProject
Global
	GlobalSection(SolutionConfigurationPlatforms) = preSolution
		Debug|Any CPU = Debug|Any CPU
		Release|Any CPU = Release|Any CPU
	EndGlobalSection
	GlobalSection(ProjectConfigurationPlatforms) = postSolution
		{3FE544C5-50CD-4CA0-8EF8-234115710A4A}.Debug|Any CPU.ActiveCfg = Debug|Any CPU
		{3FE544C5-50CD-4CA0-8EF8-234115710A4A}.Debug|Any CPU.Build.0 = Debug|Any CPU
		{3FE544C5-50CD-4CA0-8EF8-234115710A4A}.Release|Any CPU.ActiveCfg = Release|Any CPU
		{3FE544C5-50CD-4CA0-8EF8-234115710A4A}.Release|Any CPU.Build.0 = Release|Any CPU
		{B1881121-C426-4280-B966-4DA721DB22DB}.Debug|Any CPU.ActiveCfg = Debug|Any CPU
		{B1881121-C426-4280-B966-4DA721DB22DB}.Debug|Any CPU.Build.0 = Debug|Any CPU
		{B1881121-C426-4280-B966-4DA721DB22DB}.Release|Any CPU.ActiveCfg = Release|Any CPU
		{B1881121-C426-4280-B966-4DA721DB22DB}.Release|Any CPU.Build.0 = Release|Any CPU
	EndGlobalSection
	GlobalSection(SolutionProperties) = preSolution
		HideSolutionNode = FALSE
	EndGlobalSection
	GlobalSection(ExtensibilityGlobals) = postSolution
		SolutionGuid = {66328376-F39E-4C05-A845-E71C912C6C92}
	EndGlobalSection
EndGlobal
